
Microsoft Visual Studio Solution File, Format Version 12.00
# Visual Studio Version 17
VisualStudioVersion = 17.9.34622.214
MinimumVisualStudioVersion = 10.0.40219.1
Project("{FAE04EC0-301F-11D3-BF4B-00C04F79EFBC}") = "MacroNutrientCalculatorV2", "MacroNutrientCalculatorV2\MacroNutrientCalculatorV2.csproj", "{AE7C2EB9-4C1A-4C2D-85AB-548A13BDE10A}"
EndProject
Global
	GlobalSection(SolutionConfigurationPlatforms) = preSolution
		Debug|Any CPU = Debug|Any CPU
		Release|Any CPU = Release|Any CPU
	EndGlobalSection
	GlobalSection(ProjectConfigurationPlatforms) = postSolution
		{AE7C2EB9-4C1A-4C2D-85AB-548A13BDE10A}.Debug|Any CPU.ActiveCfg = Debug|Any CPU
		{AE7C2EB9-4C1A-4C2D-85AB-548A13BDE10A}.Debug|Any CPU.Build.0 = Debug|Any CPU
		{AE7C2EB9-4C1A-4C2D-85AB-548A13BDE10A}.Release|Any CPU.ActiveCfg = Release|Any CPU
		{AE7C2EB9-4C1A-4C2D-85AB-548A13BDE10A}.Release|Any CPU.Build.0 = Release|Any CPU
	EndGlobalSection
	GlobalSection(SolutionProperties) = preSolution
		HideSolutionNode = FALSE
	EndGlobalSection
	GlobalSection(ExtensibilityGlobals) = postSolution
		SolutionGuid = {1ACAD434-D4E1-4D2C-9C11-BD3EF85758BA}
	EndGlobalSection
EndGlobal
